{
  "nodes": {
    "assets": {
      "flake": false,
      "locked": {
        "lastModified": 1785694721,
        "narHash": "sha256-AfAeDmQ1JYlojxlpE8lp60VC7FRJDHgbHBejay2cLDg=",
        "owner": "somnvl",
        "repo": "nixSO.assets",
        "rev": "5afe5c127fa8346c5f6e5494407ce96395386dd1",
        "type": "github"
      },
      "original": {
        "owner": "somnvl",
        "repo": "nixSO.assets",
        "type": "github"
      }
    },
    "flake-utils": {
      "inputs": {
        "systems": "systems"
      },
      "locked": {
        "lastModified": 1731533236,
        "narHash": "sha256-l0KFg5HjrsfsO/JpG+r7fRrqm12kzFHyUHqHCVpMMbI=",
        "owner": "numtide",
        "repo": "flake-utils",
        "rev": "11707dc2f618dd54ca8739b309ec4fc024de578b",
        "type": "github"
      },
      "original": {
        "owner": "numtide",
        "repo": "flake-utils",
        "type": "github"
      }
    },
    "home-manager": {
      "inputs": {
        "nixpkgs": [
          "nixpkgs"
        ]
      },
      "locked": {
        "lastModified": 1786630952,
        "narHash": "sha256-a952+jEQ1I6sMd6yzi2GIsO/EFNtEFvzwbJ+oOG9Cg0=",
        "owner": "nix-community",
        "repo": "home-manager",
        "rev": "2d1bac51b2513914ace47797765c3265164de78e",
        "type": "github"
      },
      "original": {
        "owner": "nix-community",
        "repo": "home-manager",
        "type": "github"
      }
    },
    "nautilus-my-computer": {
      "inputs": {
        "flake-utils": "flake-utils",
        "nixpkgs": [
          "nixpkgs"
        ]
      },
      "locked": {
        "dir": "packaging/nix",
        "lastModified": 1785876782,
        "narHash": "sha256-PPsUs6l1eg0mBiiAaJEi0/bf5cy58G7H/wHOqOhqeec=",
        "owner": "yannmasoch",
        "repo": "nautilus-my-computer",
        "rev": "5355aff0ccbc9cf1e80678267f3674400289eaaa",
        "type": "github"
      },
      "original": {
        "dir": "packaging/nix",
        "owner": "yannmasoch",
        "repo": "nautilus-my-computer",
        "type": "github"
      }
    },
    "nix-vscode-extensions": {
      "inputs": {
        "nixpkgs": [
          "nixpkgs"
        ]
      },
      "locked": {
        "lastModified": 1786588309,
        "narHash": "sha256-pf5m6/fmbeo8NMcsRcWi+vpeye9xcuuRa/H2+HHJLU8=",
        "owner": "nix-community",
        "repo": "nix-vscode-extensions",
        "rev": "5ae7b47dd1d2210a1bc62cd75a7407f0794d7193",
        "type": "github"
      },
      "original": {
        "owner": "nix-community",
        "repo": "nix-vscode-extensions",
        "type": "github"
      }
    },
    "nixpkgs": {
      "locked": {
        "lastModified": 1786599213,
        "narHash": "sha256-yNJd40f11EzXBjSByCB7IPpeFFAdeoSKKM67dGkfFoU=",
        "owner": "NixOS",
        "repo": "nixpkgs",
        "rev": "0e251e24a4f24e036a084b6b4b2d2491af4167f4",
        "type": "github"
      },
      "original": {
        "owner": "NixOS",
        "ref": "nixos-unstable",
        "repo": "nixpkgs",
        "type": "github"
      }
    },
    "nixpkgs_2": {
      "locked": {
        "lastModified": 1786106723,
        "narHash": "sha256-CgKDSHL6rqAAQkkvg1xaZDQXb77+4XW73iGcUMJ+2w0=",
        "rev": "f13ff45afd1bb73e640eaa08a7066dbed07e3238",
        "type": "tarball",
        "url": "https://releases.nixos.org/nixos/unstable/nixos-26.11pre1049422.f13ff45afd1b/nixexprs.tar.xz"
      },
      "original": {
        "type": "tarball",
        "url": "https://channels.nixos.org/nixos-unstable/nixexprs.tar.xz"
      }
    },
    "root": {
      "inputs": {
        "assets": "assets",
        "home-manager": "home-manager",
        "nautilus-my-computer": "nautilus-my-computer",
        "nix-vscode-extensions": "nix-vscode-extensions",
        "nixpkgs": "nixpkgs",
        "spicetify": "spicetify"
      }
    },
    "spicetify": {
      "inputs": {
        "nixpkgs": "nixpkgs_2",
        "systems": "systems_2"
      },
      "locked": {
        "lastModified": 1786613850,
        "narHash": "sha256-ZWdtzl8LSRFxJTvh00Vgw1oE6p3G3JpopYbQnXok8VQ=",
        "owner": "Gerg-L",
        "repo": "spicetify-nix",
        "rev": "c900155108f79f8ed6a29a8ed32c23494ce13415",
        "type": "github"
      },
      "original": {
        "owner": "Gerg-L",
        "repo": "spicetify-nix",
        "type": "github"
      }
    },
    "systems": {
      "locked": {
        "lastModified": 1681028828,
        "narHash": "sha256-Vy1rq5AaRuLzOxct8nz4T6wlgyUR7zLU309k9mBC768=",
        "owner": "nix-systems",
        "repo": "default",
        "rev": "da67096a3b9bf56a91d16901293e51ba5b49a27e",
        "type": "github"
      },
      "original": {
        "owner": "nix-systems",
        "repo": "default",
        "type": "github"
      }
    },
    "systems_2": {
      "locked": {
        "lastModified": 1681028828,
        "narHash": "sha256-Vy1rq5AaRuLzOxct8nz4T6wlgyUR7zLU309k9mBC768=",
        "owner": "nix-systems",
        "repo": "default",
        "rev": "da67096a3b9bf56a91d16901293e51ba5b49a27e",
        "type": "github"
      },
      "original": {
        "owner": "nix-systems",
        "repo": "default",
        "type": "github"
      }
    }
  },
  "root": "root",
  "version": 7
}
